
Microsoft Visual Studio Solution File, Format Version 12.00
# Visual Studio Version 17
VisualStudioVersion = 17.14.36127.28 d17.14
MinimumVisualStudioVersion = 10.0.40219.1
Project("{FAE04EC0-301F-11D3-BF4B-00C04F79EFBC}") = "VehicleRentalSystem", "VehicleRentalSystem.csproj", "{F46FD659-EE9F-44F3-9FC4-7DA427DBBF1B}"
EndProject
Global
	GlobalSection(SolutionConfigurationPlatforms) = preSolution
		Debug|Any CPU = Debug|Any CPU
		Release|Any CPU = Release|Any CPU
	EndGlobalSection
	GlobalSection(ProjectConfigurationPlatforms) = postSolution
		{F46FD659-EE9F-44F3-9FC4-7DA427DBBF1B}.Debug|Any CPU.ActiveCfg = Debug|Any CPU
		{F46FD659-EE9F-44F3-9FC4-7DA427DBBF1B}.Debug|Any CPU.Build.0 = Debug|Any CPU
		{F46FD659-EE9F-44F3-9FC4-7DA427DBBF1B}.Release|Any CPU.ActiveCfg = Release|Any CPU
		{F46FD659-EE9F-44F3-9FC4-7DA427DBBF1B}.Release|Any CPU.Build.0 = Release|Any CPU
	EndGlobalSection
	GlobalSection(SolutionProperties) = preSolution
		HideSolutionNode = FALSE
	EndGlobalSection
	GlobalSection(ExtensibilityGlobals) = postSolution
		SolutionGuid = {50B230A2-F696-478F-8A69-DF01929DE293}
	EndGlobalSection
EndGlobal
